
Microsoft Visual Studio Solution File, Format Version 12.00
# Visual Studio Version 17
VisualStudioVersion = 17.14.36301.6 d17.14
MinimumVisualStudioVersion = 10.0.40219.1
Project("{FAE04EC0-301F-11D3-BF4B-00C04F79EFBC}") = "Topic 4 assignment", "Topic 4 assignment.csproj", "{DBF60A2A-C0C6-47BD-8D2C-FDC3CF8A3DAE}"
EndProject
Global
	GlobalSection(SolutionConfigurationPlatforms) = preSolution
		Debug|Any CPU = Debug|Any CPU
		Release|Any CPU = Release|Any CPU
	EndGlobalSection
	GlobalSection(ProjectConfigurationPlatforms) = postSolution
		{DBF60A2A-C0C6-47BD-8D2C-FDC3CF8A3DAE}.Debug|Any CPU.ActiveCfg = Debug|Any CPU
		{DBF60A2A-C0C6-47BD-8D2C-FDC3CF8A3DAE}.Debug|Any CPU.Build.0 = Debug|Any CPU
		{DBF60A2A-C0C6-47BD-8D2C-FDC3CF8A3DAE}.Release|Any CPU.ActiveCfg = Release|Any CPU
		{DBF60A2A-C0C6-47BD-8D2C-FDC3CF8A3DAE}.Release|Any CPU.Build.0 = Release|Any CPU
	EndGlobalSection
	GlobalSection(SolutionProperties) = preSolution
		HideSolutionNode = FALSE
	EndGlobalSection
	GlobalSection(ExtensibilityGlobals) = postSolution
		SolutionGuid = {9D87C82B-4086-4E42-89CB-501BE8EF804A}
	EndGlobalSection
EndGlobal
